{
  "name": "ec-quote-widgets",
  "version": "1.0.22",
  "lockfileVersion": 1,
  "requires": true,
  "dependencies": {
    "ec-360-widgets": {
      "version": "1.0.2",
      "resolved": "https://registry.npmjs.org/ec-360-widgets/-/ec-360-widgets-1.0.2.tgz",
      "integrity": "sha512-LwRc1NIVGm5/O1RyCpen7zh1GhXZZpuGHsDNiY18/bvAasebouKyI3ZdSgNB5MJmWTXHF3Uqi3mqh3oUuJdpSQ=="
    },
    "jquery": {
      "version": "3.3.1",
      "resolved": "https://registry.npmjs.org/jquery/-/jquery-3.3.1.tgz",
      "integrity": "sha512-Ubldcmxp5np52/ENotGxlLe6aGMvmF4R8S6tZjsP6Knsaxd/xp3Zrh50cG93lR6nPXyUFwzN3ZSOQI0wRJNdGg=="
    },
    "slick-carousel": {
      "version": "1.8.1",
      "resolved": "https://registry.npmjs.org/slick-carousel/-/slick-carousel-1.8.1.tgz",
      "integrity": "sha512-XB9Ftrf2EEKfzoQXt3Nitrt/IPbT+f1fgqBdoxO3W/+JYvtEOW6EgxnWfr9GH6nmULv7Y2tPmEX3koxThVmebA=="
    }
  }
}
